<?xml version="1.0" encoding="utf-8"?>
<Project ToolsVersion="4.0" xmlns="http://schemas.microsoft.com/developer/msbuild/2003">
  <ItemGroup>
    <Filter Include="源文件">
      <UniqueIdentifier>{4FC737F1-C7A5-4376-A066-2A32D752A2FF}</UniqueIdentifier>
      <Extensions>cpp;c;cc;cxx;def;odl;idl;hpj;bat;asm;asmx</Extensions>
    </Filter>
    <Filter Include="头文件">
      <UniqueIdentifier>{93995380-89BD-4b04-88EB-625FBE52EBFB}</UniqueIdentifier>
      <Extensions>h;hh;hpp;hxx;hm;inl;inc;xsd</Extensions>
    </Filter>
    <Filter Include="资源文件">
      <UniqueIdentifier>{67DA6AB6-F800-4c08-8B7A-83BB121AAD01}</UniqueIdentifier>
      <Extensions>rc;ico;cur;bmp;dlg;rc2;rct;bin;rgs;gif;jpg;jpeg;jpe;resx;tiff;tif;png;wav;mfcribbon-ms</Extensions>
    </Filter>
  </ItemGroup>
  <ItemGroup>
    <ClCompile Include="leetcode\hash\BullsAndCows.cpp">
      <Filter>源文件</Filter>
    </ClCompile>
    <ClCompile Include="leetcode\hash\IntersectionOfTwoArrays.cpp">
      <Filter>源文件</Filter>
    </ClCompile>
    <ClCompile Include="leetcode\hash\IntersectionOfTwoArraysII.cpp">
      <Filter>源文件</Filter>
    </ClCompile>
    <ClCompile Include="main.cpp">
      <Filter>源文件</Filter>
    </ClCompile>
    <ClCompile Include="algo\Selection.h">
      <Filter>源文件</Filter>
    </ClCompile>
    <ClCompile Include="algo\test\hashtable_test.cpp">
      <Filter>源文件</Filter>
    </ClCompile>
    <ClCompile Include="algo\test\kosaraju_test.cpp">
      <Filter>源文件</Filter>
    </ClCompile>
    <ClCompile Include="algo\test\selection_test.cpp">
      <Filter>源文件</Filter>
    </ClCompile>
    <ClCompile Include="algo\test\string_match_test.cpp">
      <Filter>源文件</Filter>
    </ClCompile>
    <ClCompile Include="leetcode\design\LRUCache.cpp">
      <Filter>源文件</Filter>
    </ClCompile>
  </ItemGroup>
  <ItemGroup>
    <ClInclude Include="leetcode\Leetcode.h">
      <Filter>头文件</Filter>
    </ClInclude>
    <ClInclude Include="algo\HeapSort.h">
      <Filter>头文件</Filter>
    </ClInclude>
    <ClInclude Include="algo\RadixSort.h">
      <Filter>头文件</Filter>
    </ClInclude>
    <ClInclude Include="algo\MergeSort.h">
      <Filter>头文件</Filter>
    </ClInclude>
    <ClInclude Include="algo\InsertionSort.h">
      <Filter>头文件</Filter>
    </ClInclude>
    <ClInclude Include="algo\QuickSort.h">
      <Filter>头文件</Filter>
    </ClInclude>
    <ClInclude Include="algo\TopologicalSort.h">
      <Filter>头文件</Filter>
    </ClInclude>
    <ClInclude Include="algo\DirectedGraph.h">
      <Filter>头文件</Filter>
    </ClInclude>
    <ClInclude Include="algo\PriorityQueue.h">
      <Filter>头文件</Filter>
    </ClInclude>
    <ClInclude Include="algo\UndirectedGraph.h">
      <Filter>头文件</Filter>
    </ClInclude>
    <ClInclude Include="algo\Kosaraju.h">
      <Filter>头文件</Filter>
    </ClInclude>
    <ClInclude Include="algo\Hashtable.h">
      <Filter>头文件</Filter>
    </ClInclude>
    <ClInclude Include="algo\test\hashtable_test.h">
      <Filter>头文件</Filter>
    </ClInclude>
    <ClInclude Include="algo\test\kosaraju_test.h">
      <Filter>头文件</Filter>
    </ClInclude>
    <ClInclude Include="algo\test\selection_test.h">
      <Filter>头文件</Filter>
    </ClInclude>
    <ClInclude Include="algo\StringMatching.h">
      <Filter>头文件</Filter>
    </ClInclude>
    <ClInclude Include="algo\test\string_match_test.h">
      <Filter>头文件</Filter>
    </ClInclude>
  </ItemGroup>
</Project>